// !$*UTF8*$!
{
	archiveVersion = 1;
	classes = {
	};
	objectVersion = 48;
	objects = {

/* Begin PBXBuildFile section */
		2170FFF9207352E80090605A /* Calculator.swift in Sources */ = {isa = PBXBuildFile; fileRef = 2170FFF8207352E80090605A /* Calculator.swift */; };
		2170FFFB207353030090605A /* CalculatorError.swift in Sources */ = {isa = PBXBuildFile; fileRef = 2170FFFA207353030090605A /* CalculatorError.swift */; };
		2170FFFD207353190090605A /* CalculatorKitExtensions.swift in Sources */ = {isa = PBXBuildFile; fileRef = 2170FFFC207353190090605A /* CalculatorKitExtensions.swift */; };
		217C7E60206DBCE7008B1C42 /* AppDelegate.swift in Sources */ = {isa = PBXBuildFile; fileRef = 217C7E5F206DBCE7008B1C42 /* AppDelegate.swift */; };
		217C7E62206DBCE7008B1C42 /* ViewController.swift in Sources */ = {isa = PBXBuildFile; fileRef = 217C7E61206DBCE7008B1C42 /* ViewController.swift */; };
		217C7E65206DBCE7008B1C42 /* Main.storyboard in Resources */ = {isa = PBXBuildFile; fileRef = 217C7E63206DBCE7008B1C42 /* Main.storyboard */; };
		217C7E67206DBCE7008B1C42 /* Assets.xcassets in Resources */ = {isa = PBXBuildFile; fileRef = 217C7E66206DBCE7008B1C42 /* Assets.xcassets */; };
		217C7E6A206DBCE7008B1C42 /* LaunchScreen.storyboard in Resources */ = {isa = PBXBuildFile; fileRef = 217C7E68206DBCE7008B1C42 /* LaunchScreen.storyboard */; };
		21B0F2512071BEB000078D18 /* KeyBoardViewController.swift in Sources */ = {isa = PBXBuildFile; fileRef = 21B0F2502071BEB000078D18 /* KeyBoardViewController.swift */; };
/* End PBXBuildFile section */

/* Begin PBXFileReference section */
		2170000120736B0E0090605A /* en */ = {isa = PBXFileReference; lastKnownFileType = text.plist.strings; name = en; path = en.lproj/Main.strings; sourceTree = "<group>"; };
		2170FFF8207352E80090605A /* Calculator.swift */ = {isa = PBXFileReference; lastKnownFileType = sourcecode.swift; path = Calculator.swift; sourceTree = "<group>"; };
		2170FFFA207353030090605A /* CalculatorError.swift */ = {isa = PBXFileReference; lastKnownFileType = sourcecode.swift; path = CalculatorError.swift; sourceTree = "<group>"; };
		2170FFFC207353190090605A /* CalculatorKitExtensions.swift */ = {isa = PBXFileReference; lastKnownFileType = sourcecode.swift; path = CalculatorKitExtensions.swift; sourceTree = "<group>"; };
		2170FFFE20736AF00090605A /* ko */ = {isa = PBXFileReference; lastKnownFileType = text.plist.strings; name = ko; path = ko.lproj/Main.strings; sourceTree = "<group>"; };
		2170FFFF20736AF00090605A /* ko */ = {isa = PBXFileReference; lastKnownFileType = text.plist.strings; name = ko; path = ko.lproj/LaunchScreen.strings; sourceTree = "<group>"; };
		217C7E5C206DBCE7008B1C42 /* testVC.app */ = {isa = PBXFileReference; explicitFileType = wrapper.application; includeInIndex = 0; path = testVC.app; sourceTree = BUILT_PRODUCTS_DIR; };
		217C7E5F206DBCE7008B1C42 /* AppDelegate.swift */ = {isa = PBXFileReference; lastKnownFileType = sourcecode.swift; path = AppDelegate.swift; sourceTree = "<group>"; };
		217C7E61206DBCE7008B1C42 /* ViewController.swift */ = {isa = PBXFileReference; lastKnownFileType = sourcecode.swift; path = ViewController.swift; sourceTree = "<group>"; };
		217C7E64206DBCE7008B1C42 /* Base */ = {isa = PBXFileReference; lastKnownFileType = file.storyboard; name = Base; path = Base.lproj/Main.storyboard; sourceTree = "<group>"; };
		217C7E66206DBCE7008B1C42 /* Assets.xcassets */ = {isa = PBXFileReference; lastKnownFileType = folder.assetcatalog; path = Assets.xcassets; sourceTree = "<group>"; };
		217C7E69206DBCE7008B1C42 /* Base */ = {isa = PBXFileReference; lastKnownFileType = file.storyboard; name = Base; path = Base.lproj/LaunchScreen.storyboard; sourceTree = "<group>"; };
		217C7E6B206DBCE7008B1C42 /* Info.plist */ = {isa = PBXFileReference; lastKnownFileType = text.plist.xml; path = Info.plist; sourceTree = "<group>"; };
		21B0F2502071BEB000078D18 /* KeyBoardViewController.swift */ = {isa = PBXFileReference; lastKnownFileType = sourcecode.swift; path = KeyBoardViewController.swift; sourceTree = "<group>"; };
/* End PBXFileReference section */

/* Begin PBXFrameworksBuildPhase section */
		217C7E59206DBCE7008B1C42 /* Frameworks */ = {
			isa = PBXFrameworksBuildPhase;
			buildActionMask = 2147483647;
			files = (
			);
			runOnlyForDeploymentPostprocessing = 0;
		};
/* End PBXFrameworksBuildPhase section */

/* Begin PBXGroup section */
		2170FFF7207352B80090605A /* CalculatorKit */ = {
			isa = PBXGroup;
			children = (
				2170FFF8207352E80090605A /* Calculator.swift */,
				2170FFFA207353030090605A /* CalculatorError.swift */,
				2170FFFC207353190090605A /* CalculatorKitExtensions.swift */,
			);
			name = CalculatorKit;
			sourceTree = "<group>";
		};
		217C7E53206DBCE7008B1C42 = {
			isa = PBXGroup;
			children = (
				217C7E5E206DBCE7008B1C42 /* testVC */,
				217C7E5D206DBCE7008B1C42 /* Products */,
			);
			sourceTree = "<group>";
		};
		217C7E5D206DBCE7008B1C42 /* Products */ = {
			isa = PBXGroup;
			children = (
				217C7E5C206DBCE7008B1C42 /* testVC.app */,
			);
			name = Products;
			sourceTree = "<group>";
		};
		217C7E5E206DBCE7008B1C42 /* testVC */ = {
			isa = PBXGroup;
			children = (
				217C7E5F206DBCE7008B1C42 /* AppDelegate.swift */,
				217C7E61206DBCE7008B1C42 /* ViewController.swift */,
				21B0F2502071BEB000078D18 /* KeyBoardViewController.swift */,
				2170FFF7207352B80090605A /* CalculatorKit */,

				217C7E63206DBCE7008B1C42 /* Main.storyboard */,
				217C7E68206DBCE7008B1C42 /* LaunchScreen.storyboard */,
				217C7E66206DBCE7008B1C42 /* Assets.xcassets */,
				217C7E6B206DBCE7008B1C42 /* Info.plist */,
			);
			path = testVC;
			sourceTree = "<group>";
		};
/* End PBXGroup section */

/* Begin PBXNativeTarget section */
		217C7E5B206DBCE7008B1C42 /* testVC */ = {
			isa = PBXNativeTarget;
			buildConfigurationList = 217C7E6E206DBCE7008B1C42 /* Build configuration list for PBXNativeTarget "testVC" */;
			buildPhases = (
				217C7E58206DBCE7008B1C42 /* Sources */,
				217C7E59206DBCE7008B1C42 /* Frameworks */,
				217C7E5A206DBCE7008B1C42 /* Resources */,
			);
			buildRules = (
			);
			dependencies = (
			);
			name = testVC;
			productName = testVC;
			productReference = 217C7E5C206DBCE7008B1C42 /* testVC.app */;
			productType = "com.apple.product-type.application";
		};
/* End PBXNativeTarget section */

/* Begin PBXProject section */
		217C7E54206DBCE7008B1C42 /* Project object */ = {
			isa = PBXProject;
			attributes = {
				LastSwiftUpdateCheck = 0920;
				LastUpgradeCheck = 0920;
				ORGANIZATIONNAME = "Fenrir Inc.";
				TargetAttributes = {
					217C7E5B206DBCE7008B1C42 = {
						CreatedOnToolsVersion = 9.2;
						ProvisioningStyle = Automatic;
					};
				};
			};
			buildConfigurationList = 217C7E57206DBCE7008B1C42 /* Build configuration list for PBXProject "testVC" */;
			compatibilityVersion = "Xcode 8.0";
			developmentRegion = en;
			hasScannedForEncodings = 0;
			knownRegions = (
				en,
				Base,
			);
			mainGroup = 217C7E53206DBCE7008B1C42;
			productRefGroup = 217C7E5D206DBCE7008B1C42 /* Products */;
			projectDirPath = "";
			projectRoot = "";
			targets = (
				217C7E5B206DBCE7008B1C42 /* testVC */,
			);
		};
/* End PBXProject section */

/* Begin PBXResourcesBuildPhase section */
		217C7E5A206DBCE7008B1C42 /* Resources */ = {
			isa = PBXResourcesBuildPhase;
			buildActionMask = 2147483647;
			files = (
				217C7E6A206DBCE7008B1C42 /* LaunchScreen.storyboard in Resources */,
				217C7E67206DBCE7008B1C42 /* Assets.xcassets in Resources */,
				217C7E65206DBCE7008B1C42 /* Main.storyboard in Resources */,
			);
			runOnlyForDeploymentPostprocessing = 0;
		};
/* End PBXResourcesBuildPhase section */

/* Begin PBXSourcesBuildPhase section */
		217C7E58206DBCE7008B1C42 /* Sources */ = {
			isa = PBXSourcesBuildPhase;
			buildActionMask = 2147483647;
			files = (
				217C7E62206DBCE7008B1C42 /* ViewController.swift in Sources */,
				2170FFF9207352E80090605A /* Calculator.swift in Sources */,
				2170FFFD207353190090605A /* CalculatorKitExtensions.swift in Sources */,
				217C7E60206DBCE7008B1C42 /* AppDelegate.swift in Sources */,
				21B0F2512071BEB000078D18 /* KeyBoardViewController.swift in Sources */,
				2170FFFB207353030090605A /* CalculatorError.swift in Sources */,

			);
			runOnlyForDeploymentPostprocessing = 0;
		};
/* End PBXSourcesBuildPhase section */

/* Begin PBXVariantGroup section */
		217C7E63206DBCE7008B1C42 /* Main.storyboard */ = {
			isa = PBXVariantGroup;
			children = (
				217C7E64206DBCE7008B1C42 /* Base */,
				2170FFFE20736AF00090605A /* ko */,
				2170000120736B0E0090605A /* en */,
			);
			name = Main.storyboard;
			sourceTree = "<group>";
		};
		217C7E68206DBCE7008B1C42 /* LaunchScreen.storyboard */ = {
			isa = PBXVariantGroup;
			children = (
				217C7E69206DBCE7008B1C42 /* Base */,
				2170FFFF20736AF00090605A /* ko */,
			);
			name = LaunchScreen.storyboard;
			sourceTree = "<group>";
		};
/* End PBXVariantGroup section */

/* Begin XCBuildConfiguration section */
		217C7E6C206DBCE7008B1C42 /* Debug */ = {
			isa = XCBuildConfiguration;
			buildSettings = {
				ALWAYS_SEARCH_USER_PATHS = NO;
				CLANG_ANALYZER_LOCALIZABILITY_NONLOCALIZED = YES;
				CLANG_ANALYZER_NONNULL = YES;
				CLANG_ANALYZER_NUMBER_OBJECT_CONVERSION = YES_AGGRESSIVE;
				CLANG_CXX_LANGUAGE_STANDARD = "gnu++14";
				CLANG_CXX_LIBRARY = "libc++";
				CLANG_ENABLE_MODULES = YES;
				CLANG_ENABLE_OBJC_ARC = YES;
				CLANG_WARN_BLOCK_CAPTURE_AUTORELEASING = YES;
				CLANG_WARN_BOOL_CONVERSION = YES;
				CLANG_WARN_COMMA = YES;
				CLANG_WARN_CONSTANT_CONVERSION = YES;
				CLANG_WARN_DIRECT_OBJC_ISA_USAGE = YES_ERROR;
				CLANG_WARN_DOCUMENTATION_COMMENTS = YES;
				CLANG_WARN_EMPTY_BODY = YES;
				CLANG_WARN_ENUM_CONVERSION = YES;
				CLANG_WARN_INFINITE_RECURSION = YES;
				CLANG_WARN_INT_CONVERSION = YES;
				CLANG_WARN_NON_LITERAL_NULL_CONVERSION = YES;
				CLANG_WARN_OBJC_LITERAL_CONVERSION = YES;
				CLANG_WARN_OBJC_ROOT_CLASS = YES_ERROR;
				CLANG_WARN_RANGE_LOOP_ANALYSIS = YES;
				CLANG_WARN_STRICT_PROTOTYPES = YES;
				CLANG_WARN_SUSPICIOUS_MOVE = YES;
				CLANG_WARN_UNGUARDED_AVAILABILITY = YES_AGGRESSIVE;
				CLANG_WARN_UNREACHABLE_CODE = YES;
				CLANG_WARN__DUPLICATE_METHOD_MATCH = YES;
				CODE_SIGN_IDENTITY = "iPhone Developer";
				COPY_PHASE_STRIP = NO;
				DEBUG_INFORMATION_FORMAT = dwarf;
				ENABLE_STRICT_OBJC_MSGSEND = YES;
				ENABLE_TESTABILITY = YES;
				GCC_C_LANGUAGE_STANDARD = gnu11;
				GCC_DYNAMIC_NO_PIC = NO;
				GCC_NO_COMMON_BLOCKS = YES;
				GCC_OPTIMIZATION_LEVEL = 0;
				GCC_PREPROCESSOR_DEFINITIONS = (
					"DEBUG=1",
					"$(inherited)",
				);
				GCC_WARN_64_TO_32_BIT_CONVERSION = YES;
				GCC_WARN_ABOUT_RETURN_TYPE = YES_ERROR;
				GCC_WARN_UNDECLARED_SELECTOR = YES;
				GCC_WARN_UNINITIALIZED_AUTOS = YES_AGGRESSIVE;
				GCC_WARN_UNUSED_FUNCTION = YES;
				GCC_WARN_UNUSED_VARIABLE = YES;
				IPHONEOS_DEPLOYMENT_TARGET = 11.2;
				MTL_ENABLE_DEBUG_INFO = YES;
				ONLY_ACTIVE_ARCH = YES;
				SDKROOT = iphoneos;
				SWIFT_ACTIVE_COMPILATION_CONDITIONS = DEBUG;
				SWIFT_OPTIMIZATION_LEVEL = "-Onone";
			};
			name = Debug;
		};
		217C7E6D206DBCE7008B1C42 /* Release */ = {
			isa = XCBuildConfiguration;
			buildSettings = {
				ALWAYS_SEARCH_USER_PATHS = NO;
				CLANG_ANALYZER_LOCALIZABILITY_NONLOCALIZED = YES;
				CLANG_ANALYZER_NONNULL = YES;
				CLANG_ANALYZER_NUMBER_OBJECT_CONVERSION = YES_AGGRESSIVE;
				CLANG_CXX_LANGUAGE_STANDARD = "gnu++14";
				CLANG_CXX_LIBRARY = "libc++";
				CLANG_ENABLE_MODULES = YES;
				CLANG_ENABLE_OBJC_ARC = YES;
				CLANG_WARN_BLOCK_CAPTURE_AUTORELEASING = YES;
				CLANG_WARN_BOOL_CONVERSION = YES;
				CLANG_WARN_COMMA = YES;
				CLANG_WARN_CONSTANT_CONVERSION = YES;
				CLANG_WARN_DIRECT_OBJC_ISA_USAGE = YES_ERROR;
				CLANG_WARN_DOCUMENTATION_COMMENTS = YES;
				CLANG_WARN_EMPTY_BODY = YES;
				CLANG_WARN_ENUM_CONVERSION = YES;
				CLANG_WARN_INFINITE_RECURSION = YES;
				CLANG_WARN_INT_CONVERSION = YES;
				CLANG_WARN_NON_LITERAL_NULL_CONVERSION = YES;
				CLANG_WARN_OBJC_LITERAL_CONVERSION = YES;
				CLANG_WARN_OBJC_ROOT_CLASS = YES_ERROR;
				CLANG_WARN_RANGE_LOOP_ANALYSIS = YES;
				CLANG_WARN_STRICT_PROTOTYPES = YES;
				CLANG_WARN_SUSPICIOUS_MOVE = YES;
				CLANG_WARN_UNGUARDED_AVAILABILITY = YES_AGGRESSIVE;
				CLANG_WARN_UNREACHABLE_CODE = YES;
				CLANG_WARN__DUPLICATE_METHOD_MATCH = YES;
				CODE_SIGN_IDENTITY = "iPhone Developer";
				COPY_PHASE_STRIP = NO;
				DEBUG_INFORMATION_FORMAT = "dwarf-with-dsym";
				ENABLE_NS_ASSERTIONS = NO;
				ENABLE_STRICT_OBJC_MSGSEND = YES;
				GCC_C_LANGUAGE_STANDARD = gnu11;
				GCC_NO_COMMON_BLOCKS = YES;
				GCC_WARN_64_TO_32_BIT_CONVERSION = YES;
				GCC_WARN_ABOUT_RETURN_TYPE = YES_ERROR;
				GCC_WARN_UNDECLARED_SELECTOR = YES;
				GCC_WARN_UNINITIALIZED_AUTOS = YES_AGGRESSIVE;
				GCC_WARN_UNUSED_FUNCTION = YES;
				GCC_WARN_UNUSED_VARIABLE = YES;
				IPHONEOS_DEPLOYMENT_TARGET = 11.2;
				MTL_ENABLE_DEBUG_INFO = NO;
				SDKROOT = iphoneos;
				SWIFT_OPTIMIZATION_LEVEL = "-Owholemodule";
				VALIDATE_PRODUCT = YES;
			};
			name = Release;
		};
		217C7E6F206DBCE7008B1C42 /* Debug */ = {
			isa = XCBuildConfiguration;
			buildSettings = {
				ASSETCATALOG_COMPILER_APPICON_NAME = AppIcon;
				CODE_SIGN_STYLE = Automatic;
				DEVELOPMENT_TEAM = VJ72FE3YG7;
				INFOPLIST_FILE = testVC/Info.plist;
				LD_RUNPATH_SEARCH_PATHS = "$(inherited) @executable_path/Frameworks";
				PRODUCT_BUNDLE_IDENTIFIER = "com.fenrir-inc.testVC";
				PRODUCT_NAME = "$(TARGET_NAME)";
				SWIFT_VERSION = 4.0;
				TARGETED_DEVICE_FAMILY = "1,2";
			};
			name = Debug;
		};
		217C7E70206DBCE7008B1C42 /* Release */ = {
			isa = XCBuildConfiguration;
			buildSettings = {
				ASSETCATALOG_COMPILER_APPICON_NAME = AppIcon;
				CODE_SIGN_STYLE = Automatic;
				DEVELOPMENT_TEAM = VJ72FE3YG7;
				INFOPLIST_FILE = testVC/Info.plist;
				LD_RUNPATH_SEARCH_PATHS = "$(inherited) @executable_path/Frameworks";
				PRODUCT_BUNDLE_IDENTIFIER = "com.fenrir-inc.testVC";
				PRODUCT_NAME = "$(TARGET_NAME)";
				SWIFT_VERSION = 4.0;
				TARGETED_DEVICE_FAMILY = "1,2";
			};
			name = Release;
		};
/* End XCBuildConfiguration section */

/* Begin XCConfigurationList section */
		217C7E57206DBCE7008B1C42 /* Build configuration list for PBXProject "testVC" */ = {
			isa = XCConfigurationList;
			buildConfigurations = (
				217C7E6C206DBCE7008B1C42 /* Debug */,
				217C7E6D206DBCE7008B1C42 /* Release */,
			);
			defaultConfigurationIsVisible = 0;
			defaultConfigurationName = Release;
		};
		217C7E6E206DBCE7008B1C42 /* Build configuration list for PBXNativeTarget "testVC" */ = {
			isa = XCConfigurationList;
			buildConfigurations = (
				217C7E6F206DBCE7008B1C42 /* Debug */,
				217C7E70206DBCE7008B1C42 /* Release */,
			);
			defaultConfigurationIsVisible = 0;
			defaultConfigurationName = Release;
		};
/* End XCConfigurationList section */
	};
	rootObject = 217C7E54206DBCE7008B1C42 /* Project object */;
}
