// !$*UTF8*$!
{
	archiveVersion = 1;
	classes = {
	};
	objectVersion = 48;
	objects = {

/* Begin PBXBuildFile section */
		2120AA73206338F300B9C587 /* HistoryTableViewCell.swift in Sources */ = {isa = PBXBuildFile; fileRef = 2120AA72206338F300B9C587 /* HistoryTableViewCell.swift */; };
		2120AA752063392600B9C587 /* HistoryViewController.swift in Sources */ = {isa = PBXBuildFile; fileRef = 2120AA742063392600B9C587 /* HistoryViewController.swift */; };
		2120AA7720633B4500B9C587 /* List.storyboard in Resources */ = {isa = PBXBuildFile; fileRef = 2120AA7620633B4500B9C587 /* List.storyboard */; };
		2120AA7F20633FAE00B9C587 /* SufferTestTests.swift in Sources */ = {isa = PBXBuildFile; fileRef = 2120AA7E20633FAE00B9C587 /* SufferTestTests.swift */; };
		2120AA872063403700B9C587 /* APITest.swift in Sources */ = {isa = PBXBuildFile; fileRef = 2120AA862063403700B9C587 /* APITest.swift */; };
		215A9A16205F4EB300512508 /* FoundationExtensions.swift in Sources */ = {isa = PBXBuildFile; fileRef = 215A9A15205F4EB300512508 /* FoundationExtensions.swift */; };
		215A9A19205F653900512508 /* AddDetail.storyboard in Resources */ = {isa = PBXBuildFile; fileRef = 215A9A18205F653900512508 /* AddDetail.storyboard */; };
		215A9A1B205F655600512508 /* AddDetailViewController.swift in Sources */ = {isa = PBXBuildFile; fileRef = 215A9A1A205F655600512508 /* AddDetailViewController.swift */; };
		217A60A1205B63A0008AEA8B /* APIError.swift in Sources */ = {isa = PBXBuildFile; fileRef = 217A60A0205B63A0008AEA8B /* APIError.swift */; };
		2182874B2050E0200034A855 /* ListViewController.swift in Sources */ = {isa = PBXBuildFile; fileRef = 2182874A2050E0200034A855 /* ListViewController.swift */; };
		2182874D2050E1870034A855 /* ListTableViewCell.swift in Sources */ = {isa = PBXBuildFile; fileRef = 2182874C2050E1870034A855 /* ListTableViewCell.swift */; };
		2182875020510B5F0034A855 /* ListViewModel.swift in Sources */ = {isa = PBXBuildFile; fileRef = 2182874F20510B5F0034A855 /* ListViewModel.swift */; };
		2182875220510C510034A855 /* TopViewController.swift in Sources */ = {isa = PBXBuildFile; fileRef = 2182875120510C510034A855 /* TopViewController.swift */; };
		21828755205111CD0034A855 /* TopViewModel.swift in Sources */ = {isa = PBXBuildFile; fileRef = 21828754205111CD0034A855 /* TopViewModel.swift */; };
		21C105672050D078006E81B5 /* AppDelegate.swift in Sources */ = {isa = PBXBuildFile; fileRef = 21C105662050D078006E81B5 /* AppDelegate.swift */; };
		21C1056C2050D078006E81B5 /* Main.storyboard in Resources */ = {isa = PBXBuildFile; fileRef = 21C1056A2050D078006E81B5 /* Main.storyboard */; };
		21C1056E2050D078006E81B5 /* Assets.xcassets in Resources */ = {isa = PBXBuildFile; fileRef = 21C1056D2050D078006E81B5 /* Assets.xcassets */; };
		21C105712050D078006E81B5 /* LaunchScreen.storyboard in Resources */ = {isa = PBXBuildFile; fileRef = 21C1056F2050D078006E81B5 /* LaunchScreen.storyboard */; };
		26307BE515BD8DB38BB7AF3E /* Pods_SufferTest.framework in Frameworks */ = {isa = PBXBuildFile; fileRef = A514FBDBEB0A2340FA771EB1 /* Pods_SufferTest.framework */; };
		C4173C3C2054285A007A3F62 /* Top.storyboard in Resources */ = {isa = PBXBuildFile; fileRef = C4173C3B2054285A007A3F62 /* Top.storyboard */; };
		C4173C3E2054297D007A3F62 /* Setting.storyboard in Resources */ = {isa = PBXBuildFile; fileRef = C4173C3D2054297D007A3F62 /* Setting.storyboard */; };
		C4680E872056A48A00684033 /* GoogleService-Info.plist in Resources */ = {isa = PBXBuildFile; fileRef = C4680E862056A48A00684033 /* GoogleService-Info.plist */; };
		C46ABC0520542DCA001D86F5 /* History.storyboard in Resources */ = {isa = PBXBuildFile; fileRef = C46ABC0420542DCA001D86F5 /* History.storyboard */; };
		C473ABA9205A8F31004609E4 /* API.swift in Sources */ = {isa = PBXBuildFile; fileRef = C473ABA8205A8F31004609E4 /* API.swift */; };
		C473ABAB205A8F4F004609E4 /* Fetcher.swift in Sources */ = {isa = PBXBuildFile; fileRef = C473ABAA205A8F4F004609E4 /* Fetcher.swift */; };
		C473ABAE205A8F7E004609E4 /* Models.swift in Sources */ = {isa = PBXBuildFile; fileRef = C473ABAD205A8F7E004609E4 /* Models.swift */; };
		C473ABB0205A8F95004609E4 /* DataManager.swift in Sources */ = {isa = PBXBuildFile; fileRef = C473ABAF205A8F95004609E4 /* DataManager.swift */; };
		C4E2CB6F205D436800894CA5 /* FirstSetting.storyboard in Resources */ = {isa = PBXBuildFile; fileRef = C4E2CB6E205D436800894CA5 /* FirstSetting.storyboard */; };
		C4E2CB71205D442B00894CA5 /* InputFirstSettingViewController.swift in Sources */ = {isa = PBXBuildFile; fileRef = C4E2CB70205D442B00894CA5 /* InputFirstSettingViewController.swift */; };
		C4E2CB73205D445C00894CA5 /* ConfirmationFirstSettingViewController.swift in Sources */ = {isa = PBXBuildFile; fileRef = C4E2CB72205D445C00894CA5 /* ConfirmationFirstSettingViewController.swift */; };
		C4E7C1B120569ECC0003736F /* AutoRootController.swift in Sources */ = {isa = PBXBuildFile; fileRef = C4E7C1B020569ECC0003736F /* AutoRootController.swift */; };
		C4E7C1B320569FE40003736F /* LoginViewController.swift in Sources */ = {isa = PBXBuildFile; fileRef = C4E7C1B220569FE40003736F /* LoginViewController.swift */; };
/* End PBXBuildFile section */

/* Begin PBXContainerItemProxy section */
		2120AA8120633FAE00B9C587 /* PBXContainerItemProxy */ = {
			isa = PBXContainerItemProxy;
			containerPortal = 21C1055B2050D078006E81B5 /* Project object */;
			proxyType = 1;
			remoteGlobalIDString = 21C105622050D078006E81B5;
			remoteInfo = SufferTest;
		};
/* End PBXContainerItemProxy section */

/* Begin PBXFileReference section */
		1F3F56D78DD5D08CFAA18C13 /* Pods-SufferTest.debug.xcconfig */ = {isa = PBXFileReference; includeInIndex = 1; lastKnownFileType = text.xcconfig; name = "Pods-SufferTest.debug.xcconfig"; path = "Pods/Target Support Files/Pods-SufferTest/Pods-SufferTest.debug.xcconfig"; sourceTree = "<group>"; };
		2120AA72206338F300B9C587 /* HistoryTableViewCell.swift */ = {isa = PBXFileReference; lastKnownFileType = sourcecode.swift; path = HistoryTableViewCell.swift; sourceTree = "<group>"; };
		2120AA742063392600B9C587 /* HistoryViewController.swift */ = {isa = PBXFileReference; lastKnownFileType = sourcecode.swift; path = HistoryViewController.swift; sourceTree = "<group>"; };
		2120AA7620633B4500B9C587 /* List.storyboard */ = {isa = PBXFileReference; lastKnownFileType = file.storyboard; path = List.storyboard; sourceTree = "<group>"; };
		2120AA7C20633FAE00B9C587 /* SufferTestTests.xctest */ = {isa = PBXFileReference; explicitFileType = wrapper.cfbundle; includeInIndex = 0; path = SufferTestTests.xctest; sourceTree = BUILT_PRODUCTS_DIR; };
		2120AA7E20633FAE00B9C587 /* SufferTestTests.swift */ = {isa = PBXFileReference; lastKnownFileType = sourcecode.swift; path = SufferTestTests.swift; sourceTree = "<group>"; };
		2120AA8020633FAE00B9C587 /* Info.plist */ = {isa = PBXFileReference; lastKnownFileType = text.plist.xml; path = Info.plist; sourceTree = "<group>"; };
		2120AA862063403700B9C587 /* APITest.swift */ = {isa = PBXFileReference; lastKnownFileType = sourcecode.swift; path = APITest.swift; sourceTree = "<group>"; };
		215A9A15205F4EB300512508 /* FoundationExtensions.swift */ = {isa = PBXFileReference; lastKnownFileType = sourcecode.swift; path = FoundationExtensions.swift; sourceTree = "<group>"; };
		215A9A18205F653900512508 /* AddDetail.storyboard */ = {isa = PBXFileReference; lastKnownFileType = file.storyboard; path = AddDetail.storyboard; sourceTree = "<group>"; };
		215A9A1A205F655600512508 /* AddDetailViewController.swift */ = {isa = PBXFileReference; lastKnownFileType = sourcecode.swift; path = AddDetailViewController.swift; sourceTree = "<group>"; };
		217A60A0205B63A0008AEA8B /* APIError.swift */ = {isa = PBXFileReference; lastKnownFileType = sourcecode.swift; path = APIError.swift; sourceTree = "<group>"; };
		2182874A2050E0200034A855 /* ListViewController.swift */ = {isa = PBXFileReference; lastKnownFileType = sourcecode.swift; path = ListViewController.swift; sourceTree = "<group>"; };
		2182874C2050E1870034A855 /* ListTableViewCell.swift */ = {isa = PBXFileReference; lastKnownFileType = sourcecode.swift; path = ListTableViewCell.swift; sourceTree = "<group>"; };
		2182874F20510B5F0034A855 /* ListViewModel.swift */ = {isa = PBXFileReference; lastKnownFileType = sourcecode.swift; path = ListViewModel.swift; sourceTree = "<group>"; };
		2182875120510C510034A855 /* TopViewController.swift */ = {isa = PBXFileReference; lastKnownFileType = sourcecode.swift; path = TopViewController.swift; sourceTree = "<group>"; };
		21828754205111CD0034A855 /* TopViewModel.swift */ = {isa = PBXFileReference; lastKnownFileType = sourcecode.swift; path = TopViewModel.swift; sourceTree = "<group>"; };
		21C105632050D078006E81B5 /* SufferTest.app */ = {isa = PBXFileReference; explicitFileType = wrapper.application; includeInIndex = 0; path = SufferTest.app; sourceTree = BUILT_PRODUCTS_DIR; };
		21C105662050D078006E81B5 /* AppDelegate.swift */ = {isa = PBXFileReference; lastKnownFileType = sourcecode.swift; path = AppDelegate.swift; sourceTree = "<group>"; };
		21C1056B2050D078006E81B5 /* Base */ = {isa = PBXFileReference; lastKnownFileType = file.storyboard; name = Base; path = Base.lproj/Main.storyboard; sourceTree = "<group>"; };
		21C1056D2050D078006E81B5 /* Assets.xcassets */ = {isa = PBXFileReference; lastKnownFileType = folder.assetcatalog; path = Assets.xcassets; sourceTree = "<group>"; };
		21C105702050D078006E81B5 /* Base */ = {isa = PBXFileReference; lastKnownFileType = file.storyboard; name = Base; path = Base.lproj/LaunchScreen.storyboard; sourceTree = "<group>"; };
		21C105722050D078006E81B5 /* Info.plist */ = {isa = PBXFileReference; lastKnownFileType = text.plist.xml; path = Info.plist; sourceTree = "<group>"; };
		21C42C0FB0C013F0348C5FD2 /* Pods-SufferTest.release.xcconfig */ = {isa = PBXFileReference; includeInIndex = 1; lastKnownFileType = text.xcconfig; name = "Pods-SufferTest.release.xcconfig"; path = "Pods/Target Support Files/Pods-SufferTest/Pods-SufferTest.release.xcconfig"; sourceTree = "<group>"; };
		A514FBDBEB0A2340FA771EB1 /* Pods_SufferTest.framework */ = {isa = PBXFileReference; explicitFileType = wrapper.framework; includeInIndex = 0; path = Pods_SufferTest.framework; sourceTree = BUILT_PRODUCTS_DIR; };
		C4173C3B2054285A007A3F62 /* Top.storyboard */ = {isa = PBXFileReference; lastKnownFileType = file.storyboard; path = Top.storyboard; sourceTree = "<group>"; };
		C4173C3D2054297D007A3F62 /* Setting.storyboard */ = {isa = PBXFileReference; lastKnownFileType = file.storyboard; path = Setting.storyboard; sourceTree = "<group>"; };
		C4680E862056A48A00684033 /* GoogleService-Info.plist */ = {isa = PBXFileReference; fileEncoding = 4; lastKnownFileType = text.plist.xml; path = "GoogleService-Info.plist"; sourceTree = "<group>"; };
		C46ABC0420542DCA001D86F5 /* History.storyboard */ = {isa = PBXFileReference; lastKnownFileType = file.storyboard; path = History.storyboard; sourceTree = "<group>"; };
		C473ABA8205A8F31004609E4 /* API.swift */ = {isa = PBXFileReference; lastKnownFileType = sourcecode.swift; path = API.swift; sourceTree = "<group>"; };
		C473ABAA205A8F4F004609E4 /* Fetcher.swift */ = {isa = PBXFileReference; lastKnownFileType = sourcecode.swift; path = Fetcher.swift; sourceTree = "<group>"; };
		C473ABAD205A8F7E004609E4 /* Models.swift */ = {isa = PBXFileReference; lastKnownFileType = sourcecode.swift; path = Models.swift; sourceTree = "<group>"; };
		C473ABAF205A8F95004609E4 /* DataManager.swift */ = {isa = PBXFileReference; lastKnownFileType = sourcecode.swift; path = DataManager.swift; sourceTree = "<group>"; };
		C4E2CB6E205D436800894CA5 /* FirstSetting.storyboard */ = {isa = PBXFileReference; lastKnownFileType = file.storyboard; path = FirstSetting.storyboard; sourceTree = "<group>"; };
		C4E2CB70205D442B00894CA5 /* InputFirstSettingViewController.swift */ = {isa = PBXFileReference; lastKnownFileType = sourcecode.swift; path = InputFirstSettingViewController.swift; sourceTree = "<group>"; };
		C4E2CB72205D445C00894CA5 /* ConfirmationFirstSettingViewController.swift */ = {isa = PBXFileReference; lastKnownFileType = sourcecode.swift; path = ConfirmationFirstSettingViewController.swift; sourceTree = "<group>"; };
		C4E7C1B020569ECC0003736F /* AutoRootController.swift */ = {isa = PBXFileReference; lastKnownFileType = sourcecode.swift; path = AutoRootController.swift; sourceTree = "<group>"; };
		C4E7C1B220569FE40003736F /* LoginViewController.swift */ = {isa = PBXFileReference; lastKnownFileType = sourcecode.swift; path = LoginViewController.swift; sourceTree = "<group>"; };
/* End PBXFileReference section */

/* Begin PBXFrameworksBuildPhase section */
		2120AA7920633FAE00B9C587 /* Frameworks */ = {
			isa = PBXFrameworksBuildPhase;
			buildActionMask = 2147483647;
			files = (
			);
			runOnlyForDeploymentPostprocessing = 0;
		};
		21C105602050D078006E81B5 /* Frameworks */ = {
			isa = PBXFrameworksBuildPhase;
			buildActionMask = 2147483647;
			files = (
				26307BE515BD8DB38BB7AF3E /* Pods_SufferTest.framework in Frameworks */,
			);
			runOnlyForDeploymentPostprocessing = 0;
		};
/* End PBXFrameworksBuildPhase section */

/* Begin PBXGroup section */
		2120AA702063389F00B9C587 /* History */ = {
			isa = PBXGroup;
			children = (
				2120AA71206338CE00B9C587 /* Cell */,
				C46ABC0420542DCA001D86F5 /* History.storyboard */,
				2120AA742063392600B9C587 /* HistoryViewController.swift */,
			);
			path = History;
			sourceTree = "<group>";
		};
		2120AA71206338CE00B9C587 /* Cell */ = {
			isa = PBXGroup;
			children = (
				2120AA72206338F300B9C587 /* HistoryTableViewCell.swift */,
			);
			path = Cell;
			sourceTree = "<group>";
		};
		2120AA7D20633FAE00B9C587 /* SufferTestTests */ = {
			isa = PBXGroup;
			children = (
				2120AA7E20633FAE00B9C587 /* SufferTestTests.swift */,
				2120AA862063403700B9C587 /* APITest.swift */,
				2120AA8020633FAE00B9C587 /* Info.plist */,
			);
			path = SufferTestTests;
			sourceTree = "<group>";
		};
		215A9A14205F4E9400512508 /* Extensions */ = {
			isa = PBXGroup;
			children = (
				215A9A15205F4EB300512508 /* FoundationExtensions.swift */,
			);
			path = Extensions;
			sourceTree = "<group>";
		};
		215A9A17205F64EF00512508 /* AddDetail */ = {
			isa = PBXGroup;
			children = (
				215A9A18205F653900512508 /* AddDetail.storyboard */,
				215A9A1A205F655600512508 /* AddDetailViewController.swift */,
			);
			path = AddDetail;
			sourceTree = "<group>";
		};
		2182874E2050E1A60034A855 /* List */ = {
			isa = PBXGroup;
			children = (
				C4173C3A20542513007A3F62 /* Cell */,
				2120AA7620633B4500B9C587 /* List.storyboard */,
				2182874A2050E0200034A855 /* ListViewController.swift */,
			);
			path = List;
			sourceTree = "<group>";
		};
		21828753205111AF0034A855 /* Top */ = {
			isa = PBXGroup;
			children = (
				C4173C3B2054285A007A3F62 /* Top.storyboard */,
				2182875120510C510034A855 /* TopViewController.swift */,
			);
			path = Top;
			sourceTree = "<group>";
		};
		21C1055A2050D078006E81B5 = {
			isa = PBXGroup;
			children = (
				21C105652050D078006E81B5 /* SufferTest */,
				2120AA7D20633FAE00B9C587 /* SufferTestTests */,
				21C105642050D078006E81B5 /* Products */,
				FBB81A0ECD5367CC2046B75D /* Pods */,
				E726AB484FDBB2A38CBA4309 /* Frameworks */,
			);
			sourceTree = "<group>";
		};
		21C105642050D078006E81B5 /* Products */ = {
			isa = PBXGroup;
			children = (
				21C105632050D078006E81B5 /* SufferTest.app */,
				2120AA7C20633FAE00B9C587 /* SufferTestTests.xctest */,
			);
			name = Products;
			sourceTree = "<group>";
		};
		21C105652050D078006E81B5 /* SufferTest */ = {
			isa = PBXGroup;
			children = (
				C4FEE2B4205AAEAC0033EC19 /* Screen */,
				C473ABB1205A8FAA004609E4 /* ViewModels */,
				C473ABAC205A8F68004609E4 /* Models */,
				C473ABA7205A8F1F004609E4 /* API */,
				215A9A14205F4E9400512508 /* Extensions */,
				C4680E852056A3FA00684033 /* Resources */,
				C473ABA6205A8F03004609E4 /* SharedObject */,
				21C105722050D078006E81B5 /* Info.plist */,
			);
			path = SufferTest;
			sourceTree = "<group>";
		};
		C4173C3A20542513007A3F62 /* Cell */ = {
			isa = PBXGroup;
			children = (
				2182874C2050E1870034A855 /* ListTableViewCell.swift */,
			);
			path = Cell;
			sourceTree = "<group>";
		};
		C4680E852056A3FA00684033 /* Resources */ = {
			isa = PBXGroup;
			children = (
				21C1056D2050D078006E81B5 /* Assets.xcassets */,
				21C1056F2050D078006E81B5 /* LaunchScreen.storyboard */,
				C4680E862056A48A00684033 /* GoogleService-Info.plist */,
			);
			path = Resources;
			sourceTree = "<group>";
		};
		C473ABA6205A8F03004609E4 /* SharedObject */ = {
			isa = PBXGroup;
			children = (
				21C105662050D078006E81B5 /* AppDelegate.swift */,
			);
			path = SharedObject;
			sourceTree = "<group>";
		};
		C473ABA7205A8F1F004609E4 /* API */ = {
			isa = PBXGroup;
			children = (
				C473ABA8205A8F31004609E4 /* API.swift */,
				217A60A0205B63A0008AEA8B /* APIError.swift */,
				C473ABAA205A8F4F004609E4 /* Fetcher.swift */,
			);
			path = API;
			sourceTree = "<group>";
		};
		C473ABAC205A8F68004609E4 /* Models */ = {
			isa = PBXGroup;
			children = (
				C473ABAD205A8F7E004609E4 /* Models.swift */,
				C473ABAF205A8F95004609E4 /* DataManager.swift */,
			);
			path = Models;
			sourceTree = "<group>";
		};
		C473ABB1205A8FAA004609E4 /* ViewModels */ = {
			isa = PBXGroup;
			children = (
				2182874F20510B5F0034A855 /* ListViewModel.swift */,
				21828754205111CD0034A855 /* TopViewModel.swift */,
			);
			path = ViewModels;
			sourceTree = "<group>";
		};
		C4E2CB6D205D434200894CA5 /* FirstSetting */ = {
			isa = PBXGroup;
			children = (
				C4E2CB6E205D436800894CA5 /* FirstSetting.storyboard */,
				C4E2CB70205D442B00894CA5 /* InputFirstSettingViewController.swift */,
				C4E2CB72205D445C00894CA5 /* ConfirmationFirstSettingViewController.swift */,
			);
			path = FirstSetting;
			sourceTree = "<group>";
		};
		C4FEE2B2205AAE6C0033EC19 /* Main */ = {
			isa = PBXGroup;
			children = (
				21C1056A2050D078006E81B5 /* Main.storyboard */,
				C4E7C1B020569ECC0003736F /* AutoRootController.swift */,
				C4E7C1B220569FE40003736F /* LoginViewController.swift */,
			);
			path = Main;
			sourceTree = "<group>";
		};
		C4FEE2B3205AAE970033EC19 /* Setting */ = {
			isa = PBXGroup;
			children = (
				C4173C3D2054297D007A3F62 /* Setting.storyboard */,
			);
			path = Setting;
			sourceTree = "<group>";
		};
		C4FEE2B4205AAEAC0033EC19 /* Screen */ = {
			isa = PBXGroup;
			children = (
				C4FEE2B2205AAE6C0033EC19 /* Main */,
				C4E2CB6D205D434200894CA5 /* FirstSetting */,
				21828753205111AF0034A855 /* Top */,
				215A9A17205F64EF00512508 /* AddDetail */,
				2182874E2050E1A60034A855 /* List */,
				2120AA702063389F00B9C587 /* History */,
				C4FEE2B3205AAE970033EC19 /* Setting */,
			);
			path = Screen;
			sourceTree = "<group>";
		};
		E726AB484FDBB2A38CBA4309 /* Frameworks */ = {
			isa = PBXGroup;
			children = (
				A514FBDBEB0A2340FA771EB1 /* Pods_SufferTest.framework */,
			);
			name = Frameworks;
			sourceTree = "<group>";
		};
		FBB81A0ECD5367CC2046B75D /* Pods */ = {
			isa = PBXGroup;
			children = (
				1F3F56D78DD5D08CFAA18C13 /* Pods-SufferTest.debug.xcconfig */,
				21C42C0FB0C013F0348C5FD2 /* Pods-SufferTest.release.xcconfig */,
			);
			name = Pods;
			sourceTree = "<group>";
		};
/* End PBXGroup section */

/* Begin PBXNativeTarget section */
		2120AA7B20633FAE00B9C587 /* SufferTestTests */ = {
			isa = PBXNativeTarget;
			buildConfigurationList = 2120AA8320633FAE00B9C587 /* Build configuration list for PBXNativeTarget "SufferTestTests" */;
			buildPhases = (
				2120AA7820633FAE00B9C587 /* Sources */,
				2120AA7920633FAE00B9C587 /* Frameworks */,
				2120AA7A20633FAE00B9C587 /* Resources */,
			);
			buildRules = (
			);
			dependencies = (
				2120AA8220633FAE00B9C587 /* PBXTargetDependency */,
			);
			name = SufferTestTests;
			productName = SufferTestTests;
			productReference = 2120AA7C20633FAE00B9C587 /* SufferTestTests.xctest */;
			productType = "com.apple.product-type.bundle.unit-test";
		};
		21C105622050D078006E81B5 /* SufferTest */ = {
			isa = PBXNativeTarget;
			buildConfigurationList = 21C105752050D078006E81B5 /* Build configuration list for PBXNativeTarget "SufferTest" */;
			buildPhases = (
				4701A050D3D0EA2623C35BFF /* [CP] Check Pods Manifest.lock */,
				21C1055F2050D078006E81B5 /* Sources */,
				21C105602050D078006E81B5 /* Frameworks */,
				21C105612050D078006E81B5 /* Resources */,
				E2136802471BF9DAAFE732DC /* [CP] Embed Pods Frameworks */,
				8B4ADC8BB5B897D0F9E9873F /* [CP] Copy Pods Resources */,
			);
			buildRules = (
			);
			dependencies = (
			);
			name = SufferTest;
			productName = SufferTest;
			productReference = 21C105632050D078006E81B5 /* SufferTest.app */;
			productType = "com.apple.product-type.application";
		};
/* End PBXNativeTarget section */

/* Begin PBXProject section */
		21C1055B2050D078006E81B5 /* Project object */ = {
			isa = PBXProject;
			attributes = {
				LastSwiftUpdateCheck = 0920;
				LastUpgradeCheck = 0920;
				ORGANIZATIONNAME = "Fenrir Inc.";
				TargetAttributes = {
					2120AA7B20633FAE00B9C587 = {
						CreatedOnToolsVersion = 9.2;
						ProvisioningStyle = Automatic;
						TestTargetID = 21C105622050D078006E81B5;
					};
					21C105622050D078006E81B5 = {
						CreatedOnToolsVersion = 9.2;
						ProvisioningStyle = Automatic;
					};
				};
			};
			buildConfigurationList = 21C1055E2050D078006E81B5 /* Build configuration list for PBXProject "SufferTest" */;
			compatibilityVersion = "Xcode 8.0";
			developmentRegion = en;
			hasScannedForEncodings = 0;
			knownRegions = (
				en,
				Base,
			);
			mainGroup = 21C1055A2050D078006E81B5;
			productRefGroup = 21C105642050D078006E81B5 /* Products */;
			projectDirPath = "";
			projectRoot = "";
			targets = (
				21C105622050D078006E81B5 /* SufferTest */,
				2120AA7B20633FAE00B9C587 /* SufferTestTests */,
			);
		};
/* End PBXProject section */

/* Begin PBXResourcesBuildPhase section */
		2120AA7A20633FAE00B9C587 /* Resources */ = {
			isa = PBXResourcesBuildPhase;
			buildActionMask = 2147483647;
			files = (
			);
			runOnlyForDeploymentPostprocessing = 0;
		};
		21C105612050D078006E81B5 /* Resources */ = {
			isa = PBXResourcesBuildPhase;
			buildActionMask = 2147483647;
			files = (
				C4173C3C2054285A007A3F62 /* Top.storyboard in Resources */,
				C4680E872056A48A00684033 /* GoogleService-Info.plist in Resources */,
				2120AA7720633B4500B9C587 /* List.storyboard in Resources */,
				21C105712050D078006E81B5 /* LaunchScreen.storyboard in Resources */,
				C4173C3E2054297D007A3F62 /* Setting.storyboard in Resources */,
				C4E2CB6F205D436800894CA5 /* FirstSetting.storyboard in Resources */,
				21C1056E2050D078006E81B5 /* Assets.xcassets in Resources */,
				21C1056C2050D078006E81B5 /* Main.storyboard in Resources */,
				215A9A19205F653900512508 /* AddDetail.storyboard in Resources */,
				C46ABC0520542DCA001D86F5 /* History.storyboard in Resources */,
			);
			runOnlyForDeploymentPostprocessing = 0;
		};
/* End PBXResourcesBuildPhase section */

/* Begin PBXShellScriptBuildPhase section */
		4701A050D3D0EA2623C35BFF /* [CP] Check Pods Manifest.lock */ = {
			isa = PBXShellScriptBuildPhase;
			buildActionMask = 2147483647;
			files = (
			);
			inputPaths = (
				"${PODS_PODFILE_DIR_PATH}/Podfile.lock",
				"${PODS_ROOT}/Manifest.lock",
			);
			name = "[CP] Check Pods Manifest.lock";
			outputPaths = (
				"$(DERIVED_FILE_DIR)/Pods-SufferTest-checkManifestLockResult.txt",
			);
			runOnlyForDeploymentPostprocessing = 0;
			shellPath = /bin/sh;
			shellScript = "diff \"${PODS_PODFILE_DIR_PATH}/Podfile.lock\" \"${PODS_ROOT}/Manifest.lock\" > /dev/null\nif [ $? != 0 ] ; then\n    # print error to STDERR\n    echo \"error: The sandbox is not in sync with the Podfile.lock. Run 'pod install' or update your CocoaPods installation.\" >&2\n    exit 1\nfi\n# This output is used by Xcode 'outputs' to avoid re-running this script phase.\necho \"SUCCESS\" > \"${SCRIPT_OUTPUT_FILE_0}\"\n";
			showEnvVarsInLog = 0;
		};
		8B4ADC8BB5B897D0F9E9873F /* [CP] Copy Pods Resources */ = {
			isa = PBXShellScriptBuildPhase;
			buildActionMask = 2147483647;
			files = (
			);
			inputPaths = (
			);
			name = "[CP] Copy Pods Resources";
			outputPaths = (
			);
			runOnlyForDeploymentPostprocessing = 0;
			shellPath = /bin/sh;
			shellScript = "\"${SRCROOT}/Pods/Target Support Files/Pods-SufferTest/Pods-SufferTest-resources.sh\"\n";
			showEnvVarsInLog = 0;
		};
		E2136802471BF9DAAFE732DC /* [CP] Embed Pods Frameworks */ = {
			isa = PBXShellScriptBuildPhase;
			buildActionMask = 2147483647;
			files = (
			);
			inputPaths = (
				"${SRCROOT}/Pods/Target Support Files/Pods-SufferTest/Pods-SufferTest-frameworks.sh",
				"${BUILT_PRODUCTS_DIR}/BoringSSL/openssl.framework",
				"${BUILT_PRODUCTS_DIR}/FoldingCell/FoldingCell.framework",
				"${BUILT_PRODUCTS_DIR}/GTMSessionFetcher/GTMSessionFetcher.framework",
				"${BUILT_PRODUCTS_DIR}/GoogleToolboxForMac/GoogleToolboxForMac.framework",
				"${BUILT_PRODUCTS_DIR}/Protobuf/Protobuf.framework",
				"${BUILT_PRODUCTS_DIR}/gRPC/GRPCClient.framework",
				"${BUILT_PRODUCTS_DIR}/gRPC-Core/grpc.framework",
				"${BUILT_PRODUCTS_DIR}/gRPC-ProtoRPC/ProtoRPC.framework",
				"${BUILT_PRODUCTS_DIR}/gRPC-RxLibrary/RxLibrary.framework",
				"${BUILT_PRODUCTS_DIR}/leveldb-library/leveldb.framework",
				"${BUILT_PRODUCTS_DIR}/nanopb/nanopb.framework",
			);
			name = "[CP] Embed Pods Frameworks";
			outputPaths = (
				"${TARGET_BUILD_DIR}/${FRAMEWORKS_FOLDER_PATH}/openssl.framework",
				"${TARGET_BUILD_DIR}/${FRAMEWORKS_FOLDER_PATH}/FoldingCell.framework",
				"${TARGET_BUILD_DIR}/${FRAMEWORKS_FOLDER_PATH}/GTMSessionFetcher.framework",
				"${TARGET_BUILD_DIR}/${FRAMEWORKS_FOLDER_PATH}/GoogleToolboxForMac.framework",
				"${TARGET_BUILD_DIR}/${FRAMEWORKS_FOLDER_PATH}/Protobuf.framework",
				"${TARGET_BUILD_DIR}/${FRAMEWORKS_FOLDER_PATH}/GRPCClient.framework",
				"${TARGET_BUILD_DIR}/${FRAMEWORKS_FOLDER_PATH}/grpc.framework",
				"${TARGET_BUILD_DIR}/${FRAMEWORKS_FOLDER_PATH}/ProtoRPC.framework",
				"${TARGET_BUILD_DIR}/${FRAMEWORKS_FOLDER_PATH}/RxLibrary.framework",
				"${TARGET_BUILD_DIR}/${FRAMEWORKS_FOLDER_PATH}/leveldb.framework",
				"${TARGET_BUILD_DIR}/${FRAMEWORKS_FOLDER_PATH}/nanopb.framework",
			);
			runOnlyForDeploymentPostprocessing = 0;
			shellPath = /bin/sh;
			shellScript = "\"${SRCROOT}/Pods/Target Support Files/Pods-SufferTest/Pods-SufferTest-frameworks.sh\"\n";
			showEnvVarsInLog = 0;
		};
/* End PBXShellScriptBuildPhase section */

/* Begin PBXSourcesBuildPhase section */
		2120AA7820633FAE00B9C587 /* Sources */ = {
			isa = PBXSourcesBuildPhase;
			buildActionMask = 2147483647;
			files = (
				2120AA872063403700B9C587 /* APITest.swift in Sources */,
				2120AA7F20633FAE00B9C587 /* SufferTestTests.swift in Sources */,
			);
			runOnlyForDeploymentPostprocessing = 0;
		};
		21C1055F2050D078006E81B5 /* Sources */ = {
			isa = PBXSourcesBuildPhase;
			buildActionMask = 2147483647;
			files = (
				2120AA73206338F300B9C587 /* HistoryTableViewCell.swift in Sources */,
				C473ABAE205A8F7E004609E4 /* Models.swift in Sources */,
				2182875220510C510034A855 /* TopViewController.swift in Sources */,
				C4E7C1B120569ECC0003736F /* AutoRootController.swift in Sources */,
				2182875020510B5F0034A855 /* ListViewModel.swift in Sources */,
				C473ABAB205A8F4F004609E4 /* Fetcher.swift in Sources */,
				215A9A1B205F655600512508 /* AddDetailViewController.swift in Sources */,
				2182874D2050E1870034A855 /* ListTableViewCell.swift in Sources */,
				C4E7C1B320569FE40003736F /* LoginViewController.swift in Sources */,
				C4E2CB73205D445C00894CA5 /* ConfirmationFirstSettingViewController.swift in Sources */,
				21828755205111CD0034A855 /* TopViewModel.swift in Sources */,
				215A9A16205F4EB300512508 /* FoundationExtensions.swift in Sources */,
				21C105672050D078006E81B5 /* AppDelegate.swift in Sources */,
				C473ABA9205A8F31004609E4 /* API.swift in Sources */,
				2182874B2050E0200034A855 /* ListViewController.swift in Sources */,
				C4E2CB71205D442B00894CA5 /* InputFirstSettingViewController.swift in Sources */,
				2120AA752063392600B9C587 /* HistoryViewController.swift in Sources */,
				C473ABB0205A8F95004609E4 /* DataManager.swift in Sources */,
				217A60A1205B63A0008AEA8B /* APIError.swift in Sources */,
			);
			runOnlyForDeploymentPostprocessing = 0;
		};
/* End PBXSourcesBuildPhase section */

/* Begin PBXTargetDependency section */
		2120AA8220633FAE00B9C587 /* PBXTargetDependency */ = {
			isa = PBXTargetDependency;
			target = 21C105622050D078006E81B5 /* SufferTest */;
			targetProxy = 2120AA8120633FAE00B9C587 /* PBXContainerItemProxy */;
		};
/* End PBXTargetDependency section */

/* Begin PBXVariantGroup section */
		21C1056A2050D078006E81B5 /* Main.storyboard */ = {
			isa = PBXVariantGroup;
			children = (
				21C1056B2050D078006E81B5 /* Base */,
			);
			name = Main.storyboard;
			sourceTree = "<group>";
		};
		21C1056F2050D078006E81B5 /* LaunchScreen.storyboard */ = {
			isa = PBXVariantGroup;
			children = (
				21C105702050D078006E81B5 /* Base */,
			);
			name = LaunchScreen.storyboard;
			sourceTree = "<group>";
		};
/* End PBXVariantGroup section */

/* Begin XCBuildConfiguration section */
		2120AA8420633FAE00B9C587 /* Debug */ = {
			isa = XCBuildConfiguration;
			buildSettings = {
				BUNDLE_LOADER = "$(TEST_HOST)";
				CODE_SIGN_STYLE = Automatic;
				DEVELOPMENT_TEAM = "";
				INFOPLIST_FILE = SufferTestTests/Info.plist;
				LD_RUNPATH_SEARCH_PATHS = "$(inherited) @executable_path/Frameworks @loader_path/Frameworks";
				PRODUCT_BUNDLE_IDENTIFIER = "com.fenrir-inc.SufferTestTests";
				PRODUCT_NAME = "$(TARGET_NAME)";
				SWIFT_VERSION = 4.0;
				TARGETED_DEVICE_FAMILY = "1,2";
				TEST_HOST = "$(BUILT_PRODUCTS_DIR)/SufferTest.app/SufferTest";
			};
			name = Debug;
		};
		2120AA8520633FAE00B9C587 /* Release */ = {
			isa = XCBuildConfiguration;
			buildSettings = {
				BUNDLE_LOADER = "$(TEST_HOST)";
				CODE_SIGN_STYLE = Automatic;
				DEVELOPMENT_TEAM = "";
				INFOPLIST_FILE = SufferTestTests/Info.plist;
				LD_RUNPATH_SEARCH_PATHS = "$(inherited) @executable_path/Frameworks @loader_path/Frameworks";
				PRODUCT_BUNDLE_IDENTIFIER = "com.fenrir-inc.SufferTestTests";
				PRODUCT_NAME = "$(TARGET_NAME)";
				SWIFT_VERSION = 4.0;
				TARGETED_DEVICE_FAMILY = "1,2";
				TEST_HOST = "$(BUILT_PRODUCTS_DIR)/SufferTest.app/SufferTest";
			};
			name = Release;
		};
		21C105732050D078006E81B5 /* Debug */ = {
			isa = XCBuildConfiguration;
			buildSettings = {
				ALWAYS_SEARCH_USER_PATHS = NO;
				CLANG_ANALYZER_NONNULL = YES;
				CLANG_ANALYZER_NUMBER_OBJECT_CONVERSION = YES_AGGRESSIVE;
				CLANG_CXX_LANGUAGE_STANDARD = "gnu++14";
				CLANG_CXX_LIBRARY = "libc++";
				CLANG_ENABLE_MODULES = YES;
				CLANG_ENABLE_OBJC_ARC = YES;
				CLANG_WARN_BLOCK_CAPTURE_AUTORELEASING = YES;
				CLANG_WARN_BOOL_CONVERSION = YES;
				CLANG_WARN_COMMA = YES;
				CLANG_WARN_CONSTANT_CONVERSION = YES;
				CLANG_WARN_DIRECT_OBJC_ISA_USAGE = YES_ERROR;
				CLANG_WARN_DOCUMENTATION_COMMENTS = YES;
				CLANG_WARN_EMPTY_BODY = YES;
				CLANG_WARN_ENUM_CONVERSION = YES;
				CLANG_WARN_INFINITE_RECURSION = YES;
				CLANG_WARN_INT_CONVERSION = YES;
				CLANG_WARN_NON_LITERAL_NULL_CONVERSION = YES;
				CLANG_WARN_OBJC_LITERAL_CONVERSION = YES;
				CLANG_WARN_OBJC_ROOT_CLASS = YES_ERROR;
				CLANG_WARN_RANGE_LOOP_ANALYSIS = YES;
				CLANG_WARN_STRICT_PROTOTYPES = YES;
				CLANG_WARN_SUSPICIOUS_MOVE = YES;
				CLANG_WARN_UNGUARDED_AVAILABILITY = YES_AGGRESSIVE;
				CLANG_WARN_UNREACHABLE_CODE = YES;
				CLANG_WARN__DUPLICATE_METHOD_MATCH = YES;
				CODE_SIGN_IDENTITY = "iPhone Developer";
				COPY_PHASE_STRIP = NO;
				DEBUG_INFORMATION_FORMAT = dwarf;
				ENABLE_STRICT_OBJC_MSGSEND = YES;
				ENABLE_TESTABILITY = YES;
				GCC_C_LANGUAGE_STANDARD = gnu11;
				GCC_DYNAMIC_NO_PIC = NO;
				GCC_NO_COMMON_BLOCKS = YES;
				GCC_OPTIMIZATION_LEVEL = 0;
				GCC_PREPROCESSOR_DEFINITIONS = (
					"DEBUG=1",
					"$(inherited)",
				);
				GCC_WARN_64_TO_32_BIT_CONVERSION = YES;
				GCC_WARN_ABOUT_RETURN_TYPE = YES_ERROR;
				GCC_WARN_UNDECLARED_SELECTOR = YES;
				GCC_WARN_UNINITIALIZED_AUTOS = YES_AGGRESSIVE;
				GCC_WARN_UNUSED_FUNCTION = YES;
				GCC_WARN_UNUSED_VARIABLE = YES;
				IPHONEOS_DEPLOYMENT_TARGET = 11.2;
				MTL_ENABLE_DEBUG_INFO = YES;
				ONLY_ACTIVE_ARCH = YES;
				SDKROOT = iphoneos;
				SWIFT_ACTIVE_COMPILATION_CONDITIONS = DEBUG;
				SWIFT_OPTIMIZATION_LEVEL = "-Onone";
			};
			name = Debug;
		};
		21C105742050D078006E81B5 /* Release */ = {
			isa = XCBuildConfiguration;
			buildSettings = {
				ALWAYS_SEARCH_USER_PATHS = NO;
				CLANG_ANALYZER_NONNULL = YES;
				CLANG_ANALYZER_NUMBER_OBJECT_CONVERSION = YES_AGGRESSIVE;
				CLANG_CXX_LANGUAGE_STANDARD = "gnu++14";
				CLANG_CXX_LIBRARY = "libc++";
				CLANG_ENABLE_MODULES = YES;
				CLANG_ENABLE_OBJC_ARC = YES;
				CLANG_WARN_BLOCK_CAPTURE_AUTORELEASING = YES;
				CLANG_WARN_BOOL_CONVERSION = YES;
				CLANG_WARN_COMMA = YES;
				CLANG_WARN_CONSTANT_CONVERSION = YES;
				CLANG_WARN_DIRECT_OBJC_ISA_USAGE = YES_ERROR;
				CLANG_WARN_DOCUMENTATION_COMMENTS = YES;
				CLANG_WARN_EMPTY_BODY = YES;
				CLANG_WARN_ENUM_CONVERSION = YES;
				CLANG_WARN_INFINITE_RECURSION = YES;
				CLANG_WARN_INT_CONVERSION = YES;
				CLANG_WARN_NON_LITERAL_NULL_CONVERSION = YES;
				CLANG_WARN_OBJC_LITERAL_CONVERSION = YES;
				CLANG_WARN_OBJC_ROOT_CLASS = YES_ERROR;
				CLANG_WARN_RANGE_LOOP_ANALYSIS = YES;
				CLANG_WARN_STRICT_PROTOTYPES = YES;
				CLANG_WARN_SUSPICIOUS_MOVE = YES;
				CLANG_WARN_UNGUARDED_AVAILABILITY = YES_AGGRESSIVE;
				CLANG_WARN_UNREACHABLE_CODE = YES;
				CLANG_WARN__DUPLICATE_METHOD_MATCH = YES;
				CODE_SIGN_IDENTITY = "iPhone Developer";
				COPY_PHASE_STRIP = NO;
				DEBUG_INFORMATION_FORMAT = "dwarf-with-dsym";
				ENABLE_NS_ASSERTIONS = NO;
				ENABLE_STRICT_OBJC_MSGSEND = YES;
				GCC_C_LANGUAGE_STANDARD = gnu11;
				GCC_NO_COMMON_BLOCKS = YES;
				GCC_WARN_64_TO_32_BIT_CONVERSION = YES;
				GCC_WARN_ABOUT_RETURN_TYPE = YES_ERROR;
				GCC_WARN_UNDECLARED_SELECTOR = YES;
				GCC_WARN_UNINITIALIZED_AUTOS = YES_AGGRESSIVE;
				GCC_WARN_UNUSED_FUNCTION = YES;
				GCC_WARN_UNUSED_VARIABLE = YES;
				IPHONEOS_DEPLOYMENT_TARGET = 11.2;
				MTL_ENABLE_DEBUG_INFO = NO;
				SDKROOT = iphoneos;
				SWIFT_OPTIMIZATION_LEVEL = "-Owholemodule";
				VALIDATE_PRODUCT = YES;
			};
			name = Release;
		};
		21C105762050D078006E81B5 /* Debug */ = {
			isa = XCBuildConfiguration;
			baseConfigurationReference = 1F3F56D78DD5D08CFAA18C13 /* Pods-SufferTest.debug.xcconfig */;
			buildSettings = {
				ASSETCATALOG_COMPILER_APPICON_NAME = AppIcon;
				"CODE_SIGN_IDENTITY[sdk=iphoneos*]" = "iPhone Developer";
				CODE_SIGN_STYLE = Automatic;
				DEVELOPMENT_TEAM = "";
				INFOPLIST_FILE = SufferTest/Info.plist;
				LD_RUNPATH_SEARCH_PATHS = "$(inherited) @executable_path/Frameworks";
				PRODUCT_BUNDLE_IDENTIFIER = "com.fenrir-inc.SufferTest";
				PRODUCT_NAME = "$(TARGET_NAME)";
				PROVISIONING_PROFILE_SPECIFIER = "";
				SWIFT_VERSION = 4.0;
				TARGETED_DEVICE_FAMILY = "1,2";
			};
			name = Debug;
		};
		21C105772050D078006E81B5 /* Release */ = {
			isa = XCBuildConfiguration;
			baseConfigurationReference = 21C42C0FB0C013F0348C5FD2 /* Pods-SufferTest.release.xcconfig */;
			buildSettings = {
				ASSETCATALOG_COMPILER_APPICON_NAME = AppIcon;
				"CODE_SIGN_IDENTITY[sdk=iphoneos*]" = "iPhone Developer";
				CODE_SIGN_STYLE = Automatic;
				DEVELOPMENT_TEAM = "";
				INFOPLIST_FILE = SufferTest/Info.plist;
				LD_RUNPATH_SEARCH_PATHS = "$(inherited) @executable_path/Frameworks";
				PRODUCT_BUNDLE_IDENTIFIER = "com.fenrir-inc.SufferTest";
				PRODUCT_NAME = "$(TARGET_NAME)";
				PROVISIONING_PROFILE_SPECIFIER = "";
				SWIFT_VERSION = 4.0;
				TARGETED_DEVICE_FAMILY = "1,2";
			};
			name = Release;
		};
/* End XCBuildConfiguration section */

/* Begin XCConfigurationList section */
		2120AA8320633FAE00B9C587 /* Build configuration list for PBXNativeTarget "SufferTestTests" */ = {
			isa = XCConfigurationList;
			buildConfigurations = (
				2120AA8420633FAE00B9C587 /* Debug */,
				2120AA8520633FAE00B9C587 /* Release */,
			);
			defaultConfigurationIsVisible = 0;
			defaultConfigurationName = Release;
		};
		21C1055E2050D078006E81B5 /* Build configuration list for PBXProject "SufferTest" */ = {
			isa = XCConfigurationList;
			buildConfigurations = (
				21C105732050D078006E81B5 /* Debug */,
				21C105742050D078006E81B5 /* Release */,
			);
			defaultConfigurationIsVisible = 0;
			defaultConfigurationName = Release;
		};
		21C105752050D078006E81B5 /* Build configuration list for PBXNativeTarget "SufferTest" */ = {
			isa = XCConfigurationList;
			buildConfigurations = (
				21C105762050D078006E81B5 /* Debug */,
				21C105772050D078006E81B5 /* Release */,
			);
			defaultConfigurationIsVisible = 0;
			defaultConfigurationName = Release;
		};
/* End XCConfigurationList section */
	};
	rootObject = 21C1055B2050D078006E81B5 /* Project object */;
}
